
Microsoft Visual Studio Solution File, Format Version 12.00
# Visual Studio Version 16
VisualStudioVersion = 16.0.29920.165
MinimumVisualStudioVersion = 10.0.40219.1
Project("{9A19103F-16F7-4668-BE54-9A1E7A4F7556}") = "DiceRoller", "DiceRoller\DiceRoller.csproj", "{0AFCCC02-1127-499D-9821-ECB6AB59F1FC}"
EndProject
Project("{FAE04EC0-301F-11D3-BF4B-00C04F79EFBC}") = "DiceRollerPWA", "DiceRollerPWA\DiceRollerPWA.csproj", "{5BAFCEC0-EEB8-484C-8092-A0DF59DB4E73}"
EndProject
Global
	GlobalSection(SolutionConfigurationPlatforms) = preSolution
		Debug|Any CPU = Debug|Any CPU
		Release|Any CPU = Release|Any CPU
	EndGlobalSection
	GlobalSection(ProjectConfigurationPlatforms) = postSolution
		{0AFCCC02-1127-499D-9821-ECB6AB59F1FC}.Debug|Any CPU.ActiveCfg = Debug|Any CPU
		{0AFCCC02-1127-499D-9821-ECB6AB59F1FC}.Debug|Any CPU.Build.0 = Debug|Any CPU
		{0AFCCC02-1127-499D-9821-ECB6AB59F1FC}.Release|Any CPU.ActiveCfg = Release|Any CPU
		{0AFCCC02-1127-499D-9821-ECB6AB59F1FC}.Release|Any CPU.Build.0 = Release|Any CPU
		{5BAFCEC0-EEB8-484C-8092-A0DF59DB4E73}.Debug|Any CPU.ActiveCfg = Debug|Any CPU
		{5BAFCEC0-EEB8-484C-8092-A0DF59DB4E73}.Debug|Any CPU.Build.0 = Debug|Any CPU
		{5BAFCEC0-EEB8-484C-8092-A0DF59DB4E73}.Release|Any CPU.ActiveCfg = Release|Any CPU
		{5BAFCEC0-EEB8-484C-8092-A0DF59DB4E73}.Release|Any CPU.Build.0 = Release|Any CPU
	EndGlobalSection
	GlobalSection(SolutionProperties) = preSolution
		HideSolutionNode = FALSE
	EndGlobalSection
	GlobalSection(ExtensibilityGlobals) = postSolution
		SolutionGuid = {A86201E1-96EE-42F5-AB80-E9BDE2A9D6DD}
	EndGlobalSection
EndGlobal
